
Microsoft Visual Studio Solution File, Format Version 12.00
# Visual Studio 14
VisualStudioVersion = 14.0.24720.0
MinimumVisualStudioVersion = 10.0.40219.1
Project("{FAE04EC0-301F-11D3-BF4B-00C04F79EFBC}") = "01-Task1", "01-Task1\01-Task1.csproj", "{D6BAC837-BB5A-4963-A047-D42357617227}"
EndProject
Project("{FAE04EC0-301F-11D3-BF4B-00C04F79EFBC}") = "02-DataColumn", "02-DataColumn\02-DataColumn.csproj", "{A9283E2D-4045-4D1A-A230-F71CFB69E704}"
EndProject
Project("{FAE04EC0-301F-11D3-BF4B-00C04F79EFBC}") = "03-DataTable", "03-DataTable\03-DataTable.csproj", "{D3676A4F-8F4C-4EB0-B88F-0072A03111CC}"
EndProject
Project("{FAE04EC0-301F-11D3-BF4B-00C04F79EFBC}") = "04-DataTableFromDB", "04-DataTableFromDB\04-DataTableFromDB.csproj", "{41C7B66C-9AD1-4599-AD70-D9BA1D2C292E}"
EndProject
Global
	GlobalSection(SolutionConfigurationPlatforms) = preSolution
		Debug|Any CPU = Debug|Any CPU
		Release|Any CPU = Release|Any CPU
	EndGlobalSection
	GlobalSection(ProjectConfigurationPlatforms) = postSolution
		{D6BAC837-BB5A-4963-A047-D42357617227}.Debug|Any CPU.ActiveCfg = Debug|Any CPU
		{D6BAC837-BB5A-4963-A047-D42357617227}.Debug|Any CPU.Build.0 = Debug|Any CPU
		{D6BAC837-BB5A-4963-A047-D42357617227}.Release|Any CPU.ActiveCfg = Release|Any CPU
		{D6BAC837-BB5A-4963-A047-D42357617227}.Release|Any CPU.Build.0 = Release|Any CPU
		{A9283E2D-4045-4D1A-A230-F71CFB69E704}.Debug|Any CPU.ActiveCfg = Debug|Any CPU
		{A9283E2D-4045-4D1A-A230-F71CFB69E704}.Debug|Any CPU.Build.0 = Debug|Any CPU
		{A9283E2D-4045-4D1A-A230-F71CFB69E704}.Release|Any CPU.ActiveCfg = Release|Any CPU
		{A9283E2D-4045-4D1A-A230-F71CFB69E704}.Release|Any CPU.Build.0 = Release|Any CPU
		{D3676A4F-8F4C-4EB0-B88F-0072A03111CC}.Debug|Any CPU.ActiveCfg = Debug|Any CPU
		{D3676A4F-8F4C-4EB0-B88F-0072A03111CC}.Debug|Any CPU.Build.0 = Debug|Any CPU
		{D3676A4F-8F4C-4EB0-B88F-0072A03111CC}.Release|Any CPU.ActiveCfg = Release|Any CPU
		{D3676A4F-8F4C-4EB0-B88F-0072A03111CC}.Release|Any CPU.Build.0 = Release|Any CPU
		{41C7B66C-9AD1-4599-AD70-D9BA1D2C292E}.Debug|Any CPU.ActiveCfg = Debug|Any CPU
		{41C7B66C-9AD1-4599-AD70-D9BA1D2C292E}.Debug|Any CPU.Build.0 = Debug|Any CPU
		{41C7B66C-9AD1-4599-AD70-D9BA1D2C292E}.Release|Any CPU.ActiveCfg = Release|Any CPU
		{41C7B66C-9AD1-4599-AD70-D9BA1D2C292E}.Release|Any CPU.Build.0 = Release|Any CPU
	EndGlobalSection
	GlobalSection(SolutionProperties) = preSolution
		HideSolutionNode = FALSE
	EndGlobalSection
EndGlobal
