
Microsoft Visual Studio Solution File, Format Version 12.00
# Visual Studio 14
VisualStudioVersion = 14.0.24720.0
MinimumVisualStudioVersion = 10.0.40219.1
Project("{FAE04EC0-301F-11D3-BF4B-00C04F79EFBC}") = "01-SqlCommand", "01-SqlCommand\01-SqlCommand.csproj", "{32699C49-46A4-4BFA-BA19-6B944D66FB4C}"
EndProject
Project("{FAE04EC0-301F-11D3-BF4B-00C04F79EFBC}") = "02-CommandOutputParam", "02-CommandOutputParam\02-CommandOutputParam.csproj", "{98466001-9A68-4F2B-81C4-FE6A6D6D6466}"
EndProject
Project("{FAE04EC0-301F-11D3-BF4B-00C04F79EFBC}") = "IEnumerable", "IEnumerable\IEnumerable.csproj", "{CC161059-0222-44CE-9D31-3D8271B9425B}"
EndProject
Project("{FAE04EC0-301F-11D3-BF4B-00C04F79EFBC}") = "03-ExucuteScalar", "03-ExucuteScalar\03-ExucuteScalar.csproj", "{AC50B200-351F-48CC-BCE6-7CA4F12D17FE}"
EndProject
Global
	GlobalSection(SolutionConfigurationPlatforms) = preSolution
		Debug|Any CPU = Debug|Any CPU
		Release|Any CPU = Release|Any CPU
	EndGlobalSection
	GlobalSection(ProjectConfigurationPlatforms) = postSolution
		{32699C49-46A4-4BFA-BA19-6B944D66FB4C}.Debug|Any CPU.ActiveCfg = Debug|Any CPU
		{32699C49-46A4-4BFA-BA19-6B944D66FB4C}.Debug|Any CPU.Build.0 = Debug|Any CPU
		{32699C49-46A4-4BFA-BA19-6B944D66FB4C}.Release|Any CPU.ActiveCfg = Release|Any CPU
		{32699C49-46A4-4BFA-BA19-6B944D66FB4C}.Release|Any CPU.Build.0 = Release|Any CPU
		{98466001-9A68-4F2B-81C4-FE6A6D6D6466}.Debug|Any CPU.ActiveCfg = Debug|Any CPU
		{98466001-9A68-4F2B-81C4-FE6A6D6D6466}.Debug|Any CPU.Build.0 = Debug|Any CPU
		{98466001-9A68-4F2B-81C4-FE6A6D6D6466}.Release|Any CPU.ActiveCfg = Release|Any CPU
		{98466001-9A68-4F2B-81C4-FE6A6D6D6466}.Release|Any CPU.Build.0 = Release|Any CPU
		{CC161059-0222-44CE-9D31-3D8271B9425B}.Debug|Any CPU.ActiveCfg = Debug|Any CPU
		{CC161059-0222-44CE-9D31-3D8271B9425B}.Debug|Any CPU.Build.0 = Debug|Any CPU
		{CC161059-0222-44CE-9D31-3D8271B9425B}.Release|Any CPU.ActiveCfg = Release|Any CPU
		{CC161059-0222-44CE-9D31-3D8271B9425B}.Release|Any CPU.Build.0 = Release|Any CPU
		{AC50B200-351F-48CC-BCE6-7CA4F12D17FE}.Debug|Any CPU.ActiveCfg = Debug|Any CPU
		{AC50B200-351F-48CC-BCE6-7CA4F12D17FE}.Debug|Any CPU.Build.0 = Debug|Any CPU
		{AC50B200-351F-48CC-BCE6-7CA4F12D17FE}.Release|Any CPU.ActiveCfg = Release|Any CPU
		{AC50B200-351F-48CC-BCE6-7CA4F12D17FE}.Release|Any CPU.Build.0 = Release|Any CPU
	EndGlobalSection
	GlobalSection(SolutionProperties) = preSolution
		HideSolutionNode = FALSE
	EndGlobalSection
EndGlobal
