
Microsoft Visual Studio Solution File, Format Version 12.00
# Visual Studio 14
VisualStudioVersion = 14.0.24720.0
MinimumVisualStudioVersion = 10.0.40219.1
Project("{FAE04EC0-301F-11D3-BF4B-00C04F79EFBC}") = "01-linqToArray", "01-linqToArray\01-linqToArray.csproj", "{FADD79A2-B347-4278-99B7-B1E6A1D265A8}"
EndProject
Project("{FAE04EC0-301F-11D3-BF4B-00C04F79EFBC}") = "02-ExtMethod", "02-ExtMethod\02-ExtMethod.csproj", "{4C238E8E-B95E-40F7-A5BC-ABC9A03C6CC3}"
EndProject
Project("{FAE04EC0-301F-11D3-BF4B-00C04F79EFBC}") = "03-Find", "03-Find\03-Find.csproj", "{57E39C38-1C79-4B4B-88DB-F9F05B5684CE}"
EndProject
Global
	GlobalSection(SolutionConfigurationPlatforms) = preSolution
		Debug|Any CPU = Debug|Any CPU
		Release|Any CPU = Release|Any CPU
	EndGlobalSection
	GlobalSection(ProjectConfigurationPlatforms) = postSolution
		{FADD79A2-B347-4278-99B7-B1E6A1D265A8}.Debug|Any CPU.ActiveCfg = Debug|Any CPU
		{FADD79A2-B347-4278-99B7-B1E6A1D265A8}.Debug|Any CPU.Build.0 = Debug|Any CPU
		{FADD79A2-B347-4278-99B7-B1E6A1D265A8}.Release|Any CPU.ActiveCfg = Release|Any CPU
		{FADD79A2-B347-4278-99B7-B1E6A1D265A8}.Release|Any CPU.Build.0 = Release|Any CPU
		{4C238E8E-B95E-40F7-A5BC-ABC9A03C6CC3}.Debug|Any CPU.ActiveCfg = Debug|Any CPU
		{4C238E8E-B95E-40F7-A5BC-ABC9A03C6CC3}.Debug|Any CPU.Build.0 = Debug|Any CPU
		{4C238E8E-B95E-40F7-A5BC-ABC9A03C6CC3}.Release|Any CPU.ActiveCfg = Release|Any CPU
		{4C238E8E-B95E-40F7-A5BC-ABC9A03C6CC3}.Release|Any CPU.Build.0 = Release|Any CPU
		{57E39C38-1C79-4B4B-88DB-F9F05B5684CE}.Debug|Any CPU.ActiveCfg = Debug|Any CPU
		{57E39C38-1C79-4B4B-88DB-F9F05B5684CE}.Debug|Any CPU.Build.0 = Debug|Any CPU
		{57E39C38-1C79-4B4B-88DB-F9F05B5684CE}.Release|Any CPU.ActiveCfg = Release|Any CPU
		{57E39C38-1C79-4B4B-88DB-F9F05B5684CE}.Release|Any CPU.Build.0 = Release|Any CPU
	EndGlobalSection
	GlobalSection(SolutionProperties) = preSolution
		HideSolutionNode = FALSE
	EndGlobalSection
EndGlobal
